{
    "_readme": [
        "This file locks the dependencies of your project to a known state",
        "Read more about it at https://getcomposer.org/doc/01-basic-usage.md#installing-dependencies",
        "This file is @generated automatically"
    ],
    "content-hash": "76ce1984fca5830dc2beac4d76c60a22",
    "packages": [
        {
            "name": "binsoul/net-mqtt",
            "version": "0.8.1",
            "source": {
                "type": "git",
                "url": "https://github.com/binsoul/net-mqtt.git",
                "reference": "c46c1aff5253ba0a0f750b1120dad0f707221316"
            },
            "dist": {
                "type": "zip",
                "url": "https://api.github.com/repos/binsoul/net-mqtt/zipball/c46c1aff5253ba0a0f750b1120dad0f707221316",
                "reference": "c46c1aff5253ba0a0f750b1120dad0f707221316",
                "shasum": ""
            },
            "require": {
                "ext-ctype": "*",
                "ext-mbstring": "*",
                "php": "^7.2 || ^8.0"
            },
            "require-dev": {
                "friendsofphp/php-cs-fixer": "^2",
                "phpstan/phpstan": "^0.12",
                "phpunit/phpunit": "^8"
            },
            "type": "library",
            "extra": {
                "branch-alias": {
                    "dev-master": "1.0-dev"
                }
            },
            "autoload": {
                "psr-4": {
                    "BinSoul\\Net\\Mqtt\\": "src"
                }
            },
            "notification-url": "https://packagist.org/downloads/",
            "license": [
                "MIT"
            ],
            "authors": [
                {
                    "name": "Sebastian Mößler",
                    "email": "code@binsoul.de",
                    "homepage": "https://github.com/binsoul",
                    "role": "Developer"
                }
            ],
            "description": "MQTT protocol implementation",
            "homepage": "https://github.com/binsoul/net-mqtt",
            "keywords": [
                "mqtt",
                "net"
            ],
            "support": {
                "issues": "https://github.com/binsoul/net-mqtt/issues",
                "source": "https://github.com/binsoul/net-mqtt/tree/0.8.1"
            },
            "time": "2021-04-12T16:51:06+00:00"
        },
        {
            "name": "evenement/evenement",
            "version": "v3.0.1",
            "source": {
                "type": "git",
                "url": "https://github.com/igorw/evenement.git",
                "reference": "531bfb9d15f8aa57454f5f0285b18bec903b8fb7"
            },
            "dist": {
                "type": "zip",
                "url": "https://api.github.com/repos/igorw/evenement/zipball/531bfb9d15f8aa57454f5f0285b18bec903b8fb7",
                "reference": "531bfb9d15f8aa57454f5f0285b18bec903b8fb7",
                "shasum": ""
            },
            "require": {
                "php": ">=7.0"
            },
            "require-dev": {
                "phpunit/phpunit": "^6.0"
            },
            "type": "library",
            "autoload": {
                "psr-0": {
                    "Evenement": "src"
                }
            },
            "notification-url": "https://packagist.org/downloads/",
            "license": [
                "MIT"
            ],
            "authors": [
                {
                    "name": "Igor Wiedler",
                    "email": "igor@wiedler.ch"
                }
            ],
            "description": "Événement is a very simple event dispatching library for PHP",
            "keywords": [
                "event-dispatcher",
                "event-emitter"
            ],
            "support": {
                "issues": "https://github.com/igorw/evenement/issues",
                "source": "https://github.com/igorw/evenement/tree/master"
            },
            "time": "2017-07-23T21:35:13+00:00"
        },
        {
            "name": "inisire/fibers",
            "version": "dev-master",
            "source": {
                "type": "git",
                "url": "https://github.com/iNiSiRe/fibers.git",
                "reference": "167993929f77bd2a7a1320a4df8e5439cbefa7ec"
            },
            "dist": {
                "type": "zip",
                "url": "https://api.github.com/repos/iNiSiRe/fibers/zipball/167993929f77bd2a7a1320a4df8e5439cbefa7ec",
                "reference": "167993929f77bd2a7a1320a4df8e5439cbefa7ec",
                "shasum": ""
            },
            "require": {
                "ext-sockets": "*",
                "php": ">=8.1"
            },
            "default-branch": true,
            "type": "project",
            "autoload": {
                "psr-4": {
                    "inisire\\fibers\\": "src/"
                },
                "files": [
                    "src/functions.php"
                ]
            },
            "license": [
                "proprietary"
            ],
            "keywords": [
                "channel",
                "fibers",
                "php",
                "promise",
                "scheduler"
            ],
            "support": {
                "source": "https://github.com/iNiSiRe/fibers/tree/master",
                "issues": "https://github.com/iNiSiRe/fibers/issues"
            },
            "time": "2023-07-30T19:06:17+00:00"
        },
        {
            "name": "inisire/fibers-mqtt",
            "version": "dev-master",
            "source": {
                "type": "git",
                "url": "https://github.com/iNiSiRe/fibers-mqtt.git",
                "reference": "98b5eaa8c699755117261cd76984a567ed145af0"
            },
            "dist": {
                "type": "zip",
                "url": "https://api.github.com/repos/iNiSiRe/fibers-mqtt/zipball/98b5eaa8c699755117261cd76984a567ed145af0",
                "reference": "98b5eaa8c699755117261cd76984a567ed145af0",
                "shasum": ""
            },
            "require": {
                "binsoul/net-mqtt": "^0.8",
                "evenement/evenement": "^3.0",
                "inisire/fibers": "dev-master",
                "php": ">=8.1"
            },
            "default-branch": true,
            "type": "library",
            "autoload": {
                "psr-4": {
                    "inisire\\mqtt\\": "src/"
                }
            },
            "keywords": [
                "fibers",
                "mqtt",
                "php"
            ],
            "support": {
                "source": "https://github.com/iNiSiRe/fibers-mqtt/tree/master",
                "issues": "https://github.com/iNiSiRe/fibers-mqtt/issues"
            },
            "time": "2023-07-30T19:06:17+00:00"
        },
        {
            "name": "inisire/logging",
            "version": "dev-master",
            "source": {
                "type": "git",
                "url": "https://github.com/iNiSiRe/logging.git",
                "reference": "53ebed08c2760cabbaa84ac713679b372f430130"
            },
            "dist": {
                "type": "zip",
                "url": "https://api.github.com/repos/iNiSiRe/logging/zipball/53ebed08c2760cabbaa84ac713679b372f430130",
                "reference": "53ebed08c2760cabbaa84ac713679b372f430130",
                "shasum": ""
            },
            "require": {
                "ext-json": "*",
                "php": ">=8.0",
                "psr/event-dispatcher": "^1.0",
                "psr/log": "^3.0"
            },
            "default-branch": true,
            "type": "library",
            "autoload": {
                "psr-4": {
                    "inisire\\Logging\\": "src/"
                }
            },
            "keywords": [
                "logging",
                "php"
            ],
            "support": {
                "source": "https://github.com/iNiSiRe/logging/tree/master",
                "issues": "https://github.com/iNiSiRe/logging/issues"
            },
            "time": "2023-07-13T16:18:20+00:00"
        },
        {
            "name": "inisire/netbus",
            "version": "dev-master",
            "source": {
                "type": "git",
                "url": "https://github.com/iNiSiRe/netbus.git",
                "reference": "54a6643746f36c927ce83bed12891c9cdc3f9baa"
            },
            "dist": {
                "type": "zip",
                "url": "https://api.github.com/repos/iNiSiRe/netbus/zipball/54a6643746f36c927ce83bed12891c9cdc3f9baa",
                "reference": "54a6643746f36c927ce83bed12891c9cdc3f9baa",
                "shasum": ""
            },
            "require": {
                "php": ">=8.0",
                "psr/event-dispatcher": "^1.0",
                "psr/log": "^3.0"
            },
            "default-branch": true,
            "type": "project",
            "autoload": {
                "psr-4": {
                    "inisire\\NetBus\\": "src/"
                }
            },
            "license": [
                "proprietary"
            ],
            "support": {
                "source": "https://github.com/iNiSiRe/netbus/tree/master",
                "issues": "https://github.com/iNiSiRe/netbus/issues"
            },
            "time": "2023-07-25T22:16:44+00:00"
        },
        {
            "name": "inisire/netbus-mqtt",
            "version": "dev-master",
            "source": {
                "type": "git",
                "url": "https://github.com/iNiSiRe/netbus-mqtt.git",
                "reference": "b5a233d69d22ebd99b2f912ecaa8b8d482d15796"
            },
            "dist": {
                "type": "zip",
                "url": "https://api.github.com/repos/iNiSiRe/netbus-mqtt/zipball/b5a233d69d22ebd99b2f912ecaa8b8d482d15796",
                "reference": "b5a233d69d22ebd99b2f912ecaa8b8d482d15796",
                "shasum": ""
            },
            "require": {
                "inisire/fibers": "dev-master",
                "inisire/fibers-mqtt": "dev-master",
                "inisire/netbus": "dev-master",
                "php": ">=8.1"
            },
            "default-branch": true,
            "type": "library",
            "autoload": {
                "psr-4": {
                    "inisire\\mqtt\\NetBus\\": "src/"
                }
            },
            "support": {
                "source": "https://github.com/iNiSiRe/netbus-mqtt/tree/master",
                "issues": "https://github.com/iNiSiRe/netbus-mqtt/issues"
            },
            "time": "2023-07-30T19:06:17+00:00"
        },
        {
            "name": "inisire/protocol-byte-buffer",
            "version": "dev-master",
            "source": {
                "type": "git",
                "url": "https://github.com/iNiSiRe/protocol-byte-buffer.git",
                "reference": "0fb9d2bcec279236758d3325fcc2b252e85809b3"
            },
            "dist": {
                "type": "zip",
                "url": "https://api.github.com/repos/iNiSiRe/protocol-byte-buffer/zipball/0fb9d2bcec279236758d3325fcc2b252e85809b3",
                "reference": "0fb9d2bcec279236758d3325fcc2b252e85809b3",
                "shasum": ""
            },
            "require": {
                "php": ">=8.1"
            },
            "default-branch": true,
            "type": "project",
            "autoload": {
                "psr-4": {
                    "inisire\\Protocol\\": "src/"
                }
            },
            "license": [
                "proprietary"
            ],
            "support": {
                "source": "https://github.com/iNiSiRe/protocol-byte-buffer/tree/master",
                "issues": "https://github.com/iNiSiRe/protocol-byte-buffer/issues"
            },
            "time": "2023-07-08T20:04:57+00:00"
        },
        {
            "name": "inisire/protocol-miio",
            "version": "dev-master",
            "source": {
                "type": "git",
                "url": "https://github.com/iNiSiRe/protocol-miio.git",
                "reference": "6dc36b6b5a5c2c5aea4401739bc68bb4912beb06"
            },
            "dist": {
                "type": "zip",
                "url": "https://api.github.com/repos/iNiSiRe/protocol-miio/zipball/6dc36b6b5a5c2c5aea4401739bc68bb4912beb06",
                "reference": "6dc36b6b5a5c2c5aea4401739bc68bb4912beb06",
                "shasum": ""
            },
            "require": {
                "inisire/fibers": "dev-master",
                "inisire/protocol-byte-buffer": "dev-master",
                "php": ">=8.1"
            },
            "default-branch": true,
            "type": "project",
            "autoload": {
                "psr-4": {
                    "inisire\\Protocol\\MiIO\\": "src/"
                }
            },
            "license": [
                "proprietary"
            ],
            "support": {
                "source": "https://github.com/iNiSiRe/protocol-miio/tree/master",
                "issues": "https://github.com/iNiSiRe/protocol-miio/issues"
            },
            "time": "2023-07-29T16:49:01+00:00"
        },
        {
            "name": "inisire/shelter-core",
            "version": "dev-master",
            "source": {
                "type": "git",
                "url": "https://github.com/iNiSiRe/shelter-core.git",
                "reference": "f5a6a2994a8ac785a255485a39c380318e179232"
            },
            "dist": {
                "type": "zip",
                "url": "https://api.github.com/repos/iNiSiRe/shelter-core/zipball/f5a6a2994a8ac785a255485a39c380318e179232",
                "reference": "f5a6a2994a8ac785a255485a39c380318e179232",
                "shasum": ""
            },
            "require": {
                "php": ">=8.1"
            },
            "default-branch": true,
            "type": "project",
            "autoload": {
                "psr-4": {
                    "Shelter\\": "src/"
                }
            },
            "license": [
                "proprietary"
            ],
            "keywords": [
                "php",
                "smart-home"
            ],
            "support": {
                "source": "https://github.com/iNiSiRe/shelter-core/tree/master",
                "issues": "https://github.com/iNiSiRe/shelter-core/issues"
            },
            "time": "2023-07-25T17:36:40+00:00"
        },
        {
            "name": "psr/event-dispatcher",
            "version": "1.0.0",
            "source": {
                "type": "git",
                "url": "https://github.com/php-fig/event-dispatcher.git",
                "reference": "dbefd12671e8a14ec7f180cab83036ed26714bb0"
            },
            "dist": {
                "type": "zip",
                "url": "https://api.github.com/repos/php-fig/event-dispatcher/zipball/dbefd12671e8a14ec7f180cab83036ed26714bb0",
                "reference": "dbefd12671e8a14ec7f180cab83036ed26714bb0",
                "shasum": ""
            },
            "require": {
                "php": ">=7.2.0"
            },
            "type": "library",
            "extra": {
                "branch-alias": {
                    "dev-master": "1.0.x-dev"
                }
            },
            "autoload": {
                "psr-4": {
                    "Psr\\EventDispatcher\\": "src/"
                }
            },
            "notification-url": "https://packagist.org/downloads/",
            "license": [
                "MIT"
            ],
            "authors": [
                {
                    "name": "PHP-FIG",
                    "homepage": "http://www.php-fig.org/"
                }
            ],
            "description": "Standard interfaces for event handling.",
            "keywords": [
                "events",
                "psr",
                "psr-14"
            ],
            "support": {
                "issues": "https://github.com/php-fig/event-dispatcher/issues",
                "source": "https://github.com/php-fig/event-dispatcher/tree/1.0.0"
            },
            "time": "2019-01-08T18:20:26+00:00"
        },
        {
            "name": "psr/log",
            "version": "3.0.0",
            "source": {
                "type": "git",
                "url": "https://github.com/php-fig/log.git",
                "reference": "fe5ea303b0887d5caefd3d431c3e61ad47037001"
            },
            "dist": {
                "type": "zip",
                "url": "https://api.github.com/repos/php-fig/log/zipball/fe5ea303b0887d5caefd3d431c3e61ad47037001",
                "reference": "fe5ea303b0887d5caefd3d431c3e61ad47037001",
                "shasum": ""
            },
            "require": {
                "php": ">=8.0.0"
            },
            "type": "library",
            "extra": {
                "branch-alias": {
                    "dev-master": "3.x-dev"
                }
            },
            "autoload": {
                "psr-4": {
                    "Psr\\Log\\": "src"
                }
            },
            "notification-url": "https://packagist.org/downloads/",
            "license": [
                "MIT"
            ],
            "authors": [
                {
                    "name": "PHP-FIG",
                    "homepage": "https://www.php-fig.org/"
                }
            ],
            "description": "Common interface for logging libraries",
            "homepage": "https://github.com/php-fig/log",
            "keywords": [
                "log",
                "psr",
                "psr-3"
            ],
            "support": {
                "source": "https://github.com/php-fig/log/tree/3.0.0"
            },
            "time": "2021-07-14T16:46:02+00:00"
        },
        {
            "name": "symfony/event-dispatcher",
            "version": "v6.3.0",
            "source": {
                "type": "git",
                "url": "https://github.com/symfony/event-dispatcher.git",
                "reference": "3af8ac1a3f98f6dbc55e10ae59c9e44bfc38dfaa"
            },
            "dist": {
                "type": "zip",
                "url": "https://api.github.com/repos/symfony/event-dispatcher/zipball/3af8ac1a3f98f6dbc55e10ae59c9e44bfc38dfaa",
                "reference": "3af8ac1a3f98f6dbc55e10ae59c9e44bfc38dfaa",
                "shasum": ""
            },
            "require": {
                "php": ">=8.1",
                "symfony/event-dispatcher-contracts": "^2.5|^3"
            },
            "conflict": {
                "symfony/dependency-injection": "<5.4",
                "symfony/service-contracts": "<2.5"
            },
            "provide": {
                "psr/event-dispatcher-implementation": "1.0",
                "symfony/event-dispatcher-implementation": "2.0|3.0"
            },
            "require-dev": {
                "psr/log": "^1|^2|^3",
                "symfony/config": "^5.4|^6.0",
                "symfony/dependency-injection": "^5.4|^6.0",
                "symfony/error-handler": "^5.4|^6.0",
                "symfony/expression-language": "^5.4|^6.0",
                "symfony/http-foundation": "^5.4|^6.0",
                "symfony/service-contracts": "^2.5|^3",
                "symfony/stopwatch": "^5.4|^6.0"
            },
            "type": "library",
            "autoload": {
                "psr-4": {
                    "Symfony\\Component\\EventDispatcher\\": ""
                },
                "exclude-from-classmap": [
                    "/Tests/"
                ]
            },
            "notification-url": "https://packagist.org/downloads/",
            "license": [
                "MIT"
            ],
            "authors": [
                {
                    "name": "Fabien Potencier",
                    "email": "fabien@symfony.com"
                },
                {
                    "name": "Symfony Community",
                    "homepage": "https://symfony.com/contributors"
                }
            ],
            "description": "Provides tools that allow your application components to communicate with each other by dispatching events and listening to them",
            "homepage": "https://symfony.com",
            "support": {
                "source": "https://github.com/symfony/event-dispatcher/tree/v6.3.0"
            },
            "funding": [
                {
                    "url": "https://symfony.com/sponsor",
                    "type": "custom"
                },
                {
                    "url": "https://github.com/fabpot",
                    "type": "github"
                },
                {
                    "url": "https://tidelift.com/funding/github/packagist/symfony/symfony",
                    "type": "tidelift"
                }
            ],
            "time": "2023-04-21T14:41:17+00:00"
        },
        {
            "name": "symfony/event-dispatcher-contracts",
            "version": "v3.3.0",
            "source": {
                "type": "git",
                "url": "https://github.com/symfony/event-dispatcher-contracts.git",
                "reference": "a76aed96a42d2b521153fb382d418e30d18b59df"
            },
            "dist": {
                "type": "zip",
                "url": "https://api.github.com/repos/symfony/event-dispatcher-contracts/zipball/a76aed96a42d2b521153fb382d418e30d18b59df",
                "reference": "a76aed96a42d2b521153fb382d418e30d18b59df",
                "shasum": ""
            },
            "require": {
                "php": ">=8.1",
                "psr/event-dispatcher": "^1"
            },
            "type": "library",
            "extra": {
                "branch-alias": {
                    "dev-main": "3.4-dev"
                },
                "thanks": {
                    "name": "symfony/contracts",
                    "url": "https://github.com/symfony/contracts"
                }
            },
            "autoload": {
                "psr-4": {
                    "Symfony\\Contracts\\EventDispatcher\\": ""
                }
            },
            "notification-url": "https://packagist.org/downloads/",
            "license": [
                "MIT"
            ],
            "authors": [
                {
                    "name": "Nicolas Grekas",
                    "email": "p@tchwork.com"
                },
                {
                    "name": "Symfony Community",
                    "homepage": "https://symfony.com/contributors"
                }
            ],
            "description": "Generic abstractions related to dispatching event",
            "homepage": "https://symfony.com",
            "keywords": [
                "abstractions",
                "contracts",
                "decoupling",
                "interfaces",
                "interoperability",
                "standards"
            ],
            "support": {
                "source": "https://github.com/symfony/event-dispatcher-contracts/tree/v3.3.0"
            },
            "funding": [
                {
                    "url": "https://symfony.com/sponsor",
                    "type": "custom"
                },
                {
                    "url": "https://github.com/fabpot",
                    "type": "github"
                },
                {
                    "url": "https://tidelift.com/funding/github/packagist/symfony/symfony",
                    "type": "tidelift"
                }
            ],
            "time": "2023-05-23T14:45:45+00:00"
        },
        {
            "name": "symfony/polyfill-ctype",
            "version": "v1.27.0",
            "source": {
                "type": "git",
                "url": "https://github.com/symfony/polyfill-ctype.git",
                "reference": "5bbc823adecdae860bb64756d639ecfec17b050a"
            },
            "dist": {
                "type": "zip",
                "url": "https://api.github.com/repos/symfony/polyfill-ctype/zipball/5bbc823adecdae860bb64756d639ecfec17b050a",
                "reference": "5bbc823adecdae860bb64756d639ecfec17b050a",
                "shasum": ""
            },
            "require": {
                "php": ">=7.1"
            },
            "provide": {
                "ext-ctype": "*"
            },
            "suggest": {
                "ext-ctype": "For best performance"
            },
            "type": "library",
            "extra": {
                "branch-alias": {
                    "dev-main": "1.27-dev"
                },
                "thanks": {
                    "name": "symfony/polyfill",
                    "url": "https://github.com/symfony/polyfill"
                }
            },
            "autoload": {
                "files": [
                    "bootstrap.php"
                ],
                "psr-4": {
                    "Symfony\\Polyfill\\Ctype\\": ""
                }
            },
            "notification-url": "https://packagist.org/downloads/",
            "license": [
                "MIT"
            ],
            "authors": [
                {
                    "name": "Gert de Pagter",
                    "email": "BackEndTea@gmail.com"
                },
                {
                    "name": "Symfony Community",
                    "homepage": "https://symfony.com/contributors"
                }
            ],
            "description": "Symfony polyfill for ctype functions",
            "homepage": "https://symfony.com",
            "keywords": [
                "compatibility",
                "ctype",
                "polyfill",
                "portable"
            ],
            "support": {
                "source": "https://github.com/symfony/polyfill-ctype/tree/v1.27.0"
            },
            "funding": [
                {
                    "url": "https://symfony.com/sponsor",
                    "type": "custom"
                },
                {
                    "url": "https://github.com/fabpot",
                    "type": "github"
                },
                {
                    "url": "https://tidelift.com/funding/github/packagist/symfony/symfony",
                    "type": "tidelift"
                }
            ],
            "time": "2022-11-03T14:55:06+00:00"
        },
        {
            "name": "symfony/yaml",
            "version": "v6.3.0",
            "source": {
                "type": "git",
                "url": "https://github.com/symfony/yaml.git",
                "reference": "a9a8337aa641ef2aa39c3e028f9107ec391e5927"
            },
            "dist": {
                "type": "zip",
                "url": "https://api.github.com/repos/symfony/yaml/zipball/a9a8337aa641ef2aa39c3e028f9107ec391e5927",
                "reference": "a9a8337aa641ef2aa39c3e028f9107ec391e5927",
                "shasum": ""
            },
            "require": {
                "php": ">=8.1",
                "symfony/polyfill-ctype": "^1.8"
            },
            "conflict": {
                "symfony/console": "<5.4"
            },
            "require-dev": {
                "symfony/console": "^5.4|^6.0"
            },
            "bin": [
                "Resources/bin/yaml-lint"
            ],
            "type": "library",
            "autoload": {
                "psr-4": {
                    "Symfony\\Component\\Yaml\\": ""
                },
                "exclude-from-classmap": [
                    "/Tests/"
                ]
            },
            "notification-url": "https://packagist.org/downloads/",
            "license": [
                "MIT"
            ],
            "authors": [
                {
                    "name": "Fabien Potencier",
                    "email": "fabien@symfony.com"
                },
                {
                    "name": "Symfony Community",
                    "homepage": "https://symfony.com/contributors"
                }
            ],
            "description": "Loads and dumps YAML files",
            "homepage": "https://symfony.com",
            "support": {
                "source": "https://github.com/symfony/yaml/tree/v6.3.0"
            },
            "funding": [
                {
                    "url": "https://symfony.com/sponsor",
                    "type": "custom"
                },
                {
                    "url": "https://github.com/fabpot",
                    "type": "github"
                },
                {
                    "url": "https://tidelift.com/funding/github/packagist/symfony/symfony",
                    "type": "tidelift"
                }
            ],
            "time": "2023-04-28T13:28:14+00:00"
        }
    ],
    "packages-dev": [],
    "aliases": [],
    "minimum-stability": "dev",
    "stability-flags": {
        "inisire/logging": 20,
        "inisire/netbus-mqtt": 20,
        "inisire/protocol-miio": 20,
        "inisire/shelter-core": 20
    },
    "prefer-stable": true,
    "prefer-lowest": false,
    "platform": {
        "php": ">=8.1",
        "ext-json": "*",
        "ext-openssl": "*",
        "ext-sockets": "*"
    },
    "platform-dev": [],
    "plugin-api-version": "2.3.0"
}
